
Microsoft Visual Studio Solution File, Format Version 12.00
# Visual Studio Version 17
VisualStudioVersion = 17.1.32328.378
MinimumVisualStudioVersion = 10.0.40219.1
Project("{9A19103F-16F7-4668-BE54-9A1E7A4F7556}") = "CMS.API", "CMS.API\CMS.API.csproj", "{824B285E-2DA7-4418-874C-C6D85AF1DAC2}"
EndProject
Project("{2150E333-8FDC-42A3-9474-1A3956D46DE8}") = "Data", "Data", "{37A9F0E5-7E25-487C-BE32-E9DEB2DEE923}"
EndProject
Project("{2150E333-8FDC-42A3-9474-1A3956D46DE8}") = "UnitTests", "UnitTests", "{08C43F36-9329-434C-A5CF-8A52635C7979}"
EndProject
Project("{2150E333-8FDC-42A3-9474-1A3956D46DE8}") = "Business", "Business", "{E7518811-0B0C-419B-8148-A51A646A9BE0}"
EndProject
Project("{9A19103F-16F7-4668-BE54-9A1E7A4F7556}") = "CMS.Data.Models", "CMS.Data.Models\CMS.Data.Models.csproj", "{7C4028D9-EE67-43B9-B75D-5A8EA6D125AB}"
EndProject
Project("{9A19103F-16F7-4668-BE54-9A1E7A4F7556}") = "CMS.Services", "CMS.Services\CMS.Services.csproj", "{C7F08BEA-78C8-404C-9CAD-0D04B17067BC}"
EndProject
Project("{9A19103F-16F7-4668-BE54-9A1E7A4F7556}") = "CMS.Data.Access.UnitTests", "CMS.Data.Access.UnitTests\CMS.Data.Access.UnitTests.csproj", "{A701CC87-410F-48DF-9B51-74254D0ECC8E}"
EndProject
Project("{9A19103F-16F7-4668-BE54-9A1E7A4F7556}") = "CMS.Data.Models.UnitTests", "CMS.Data.Models.UnitTests\CMS.Data.Models.UnitTests.csproj", "{A9BD4233-0BD9-435E-9892-0490533CE20E}"
EndProject
Project("{9A19103F-16F7-4668-BE54-9A1E7A4F7556}") = "CMS.API.UnitTests", "CMS.API.UnitTests\CMS.API.UnitTests.csproj", "{17C7F5A1-0063-4E2E-87B5-B03F2B8F03FD}"
EndProject
Project("{9A19103F-16F7-4668-BE54-9A1E7A4F7556}") = "CMS.Services.UnitTests", "CMS.Services.UnitTests\CMS.Services.UnitTests.csproj", "{6D2C6DFE-FD65-41AC-9F78-BE1D104C0FCB}"
EndProject
Project("{00D1A9C2-B5F0-4AF3-8072-F6C62B433612}") = "CMS.Data.Database", "CMS.Data.Database\CMS.Data.Database.sqlproj", "{7B3F2363-4304-4D41-A4E9-9980435B80F5}"
EndProject
Project("{9A19103F-16F7-4668-BE54-9A1E7A4F7556}") = "CMS.Data.Access", "CMS.Data.Access\CMS.Data.Access.csproj", "{504779C8-33A4-4168-8C6D-7DF2D7D6D7E7}"
EndProject
Global
	GlobalSection(SolutionConfigurationPlatforms) = preSolution
		Debug|Any CPU = Debug|Any CPU
		Release|Any CPU = Release|Any CPU
	EndGlobalSection
	GlobalSection(ProjectConfigurationPlatforms) = postSolution
		{824B285E-2DA7-4418-874C-C6D85AF1DAC2}.Debug|Any CPU.ActiveCfg = Debug|Any CPU
		{824B285E-2DA7-4418-874C-C6D85AF1DAC2}.Debug|Any CPU.Build.0 = Debug|Any CPU
		{824B285E-2DA7-4418-874C-C6D85AF1DAC2}.Release|Any CPU.ActiveCfg = Release|Any CPU
		{824B285E-2DA7-4418-874C-C6D85AF1DAC2}.Release|Any CPU.Build.0 = Release|Any CPU
		{7C4028D9-EE67-43B9-B75D-5A8EA6D125AB}.Debug|Any CPU.ActiveCfg = Debug|Any CPU
		{7C4028D9-EE67-43B9-B75D-5A8EA6D125AB}.Debug|Any CPU.Build.0 = Debug|Any CPU
		{7C4028D9-EE67-43B9-B75D-5A8EA6D125AB}.Release|Any CPU.ActiveCfg = Release|Any CPU
		{7C4028D9-EE67-43B9-B75D-5A8EA6D125AB}.Release|Any CPU.Build.0 = Release|Any CPU
		{C7F08BEA-78C8-404C-9CAD-0D04B17067BC}.Debug|Any CPU.ActiveCfg = Debug|Any CPU
		{C7F08BEA-78C8-404C-9CAD-0D04B17067BC}.Debug|Any CPU.Build.0 = Debug|Any CPU
		{C7F08BEA-78C8-404C-9CAD-0D04B17067BC}.Release|Any CPU.ActiveCfg = Release|Any CPU
		{C7F08BEA-78C8-404C-9CAD-0D04B17067BC}.Release|Any CPU.Build.0 = Release|Any CPU
		{A701CC87-410F-48DF-9B51-74254D0ECC8E}.Debug|Any CPU.ActiveCfg = Debug|Any CPU
		{A701CC87-410F-48DF-9B51-74254D0ECC8E}.Debug|Any CPU.Build.0 = Debug|Any CPU
		{A701CC87-410F-48DF-9B51-74254D0ECC8E}.Release|Any CPU.ActiveCfg = Release|Any CPU
		{A701CC87-410F-48DF-9B51-74254D0ECC8E}.Release|Any CPU.Build.0 = Release|Any CPU
		{A9BD4233-0BD9-435E-9892-0490533CE20E}.Debug|Any CPU.ActiveCfg = Debug|Any CPU
		{A9BD4233-0BD9-435E-9892-0490533CE20E}.Debug|Any CPU.Build.0 = Debug|Any CPU
		{A9BD4233-0BD9-435E-9892-0490533CE20E}.Release|Any CPU.ActiveCfg = Release|Any CPU
		{A9BD4233-0BD9-435E-9892-0490533CE20E}.Release|Any CPU.Build.0 = Release|Any CPU
		{17C7F5A1-0063-4E2E-87B5-B03F2B8F03FD}.Debug|Any CPU.ActiveCfg = Debug|Any CPU
		{17C7F5A1-0063-4E2E-87B5-B03F2B8F03FD}.Debug|Any CPU.Build.0 = Debug|Any CPU
		{17C7F5A1-0063-4E2E-87B5-B03F2B8F03FD}.Release|Any CPU.ActiveCfg = Release|Any CPU
		{17C7F5A1-0063-4E2E-87B5-B03F2B8F03FD}.Release|Any CPU.Build.0 = Release|Any CPU
		{6D2C6DFE-FD65-41AC-9F78-BE1D104C0FCB}.Debug|Any CPU.ActiveCfg = Debug|Any CPU
		{6D2C6DFE-FD65-41AC-9F78-BE1D104C0FCB}.Debug|Any CPU.Build.0 = Debug|Any CPU
		{6D2C6DFE-FD65-41AC-9F78-BE1D104C0FCB}.Release|Any CPU.ActiveCfg = Release|Any CPU
		{6D2C6DFE-FD65-41AC-9F78-BE1D104C0FCB}.Release|Any CPU.Build.0 = Release|Any CPU
		{7B3F2363-4304-4D41-A4E9-9980435B80F5}.Debug|Any CPU.ActiveCfg = Debug|Any CPU
		{7B3F2363-4304-4D41-A4E9-9980435B80F5}.Debug|Any CPU.Build.0 = Debug|Any CPU
		{7B3F2363-4304-4D41-A4E9-9980435B80F5}.Debug|Any CPU.Deploy.0 = Debug|Any CPU
		{7B3F2363-4304-4D41-A4E9-9980435B80F5}.Release|Any CPU.ActiveCfg = Release|Any CPU
		{7B3F2363-4304-4D41-A4E9-9980435B80F5}.Release|Any CPU.Build.0 = Release|Any CPU
		{7B3F2363-4304-4D41-A4E9-9980435B80F5}.Release|Any CPU.Deploy.0 = Release|Any CPU
		{504779C8-33A4-4168-8C6D-7DF2D7D6D7E7}.Debug|Any CPU.ActiveCfg = Debug|Any CPU
		{504779C8-33A4-4168-8C6D-7DF2D7D6D7E7}.Debug|Any CPU.Build.0 = Debug|Any CPU
		{504779C8-33A4-4168-8C6D-7DF2D7D6D7E7}.Release|Any CPU.ActiveCfg = Release|Any CPU
		{504779C8-33A4-4168-8C6D-7DF2D7D6D7E7}.Release|Any CPU.Build.0 = Release|Any CPU
	EndGlobalSection
	GlobalSection(SolutionProperties) = preSolution
		HideSolutionNode = FALSE
	EndGlobalSection
	GlobalSection(NestedProjects) = preSolution
		{7C4028D9-EE67-43B9-B75D-5A8EA6D125AB} = {37A9F0E5-7E25-487C-BE32-E9DEB2DEE923}
		{C7F08BEA-78C8-404C-9CAD-0D04B17067BC} = {E7518811-0B0C-419B-8148-A51A646A9BE0}
		{A701CC87-410F-48DF-9B51-74254D0ECC8E} = {08C43F36-9329-434C-A5CF-8A52635C7979}
		{A9BD4233-0BD9-435E-9892-0490533CE20E} = {08C43F36-9329-434C-A5CF-8A52635C7979}
		{17C7F5A1-0063-4E2E-87B5-B03F2B8F03FD} = {08C43F36-9329-434C-A5CF-8A52635C7979}
		{6D2C6DFE-FD65-41AC-9F78-BE1D104C0FCB} = {08C43F36-9329-434C-A5CF-8A52635C7979}
		{7B3F2363-4304-4D41-A4E9-9980435B80F5} = {37A9F0E5-7E25-487C-BE32-E9DEB2DEE923}
		{504779C8-33A4-4168-8C6D-7DF2D7D6D7E7} = {37A9F0E5-7E25-487C-BE32-E9DEB2DEE923}
	EndGlobalSection
	GlobalSection(ExtensibilityGlobals) = postSolution
		SolutionGuid = {5409FE8D-428E-4242-B3F2-A38F920F7589}
	EndGlobalSection
EndGlobal
